// !$*UTF8*$!
{
	archiveVersion = 1;
	classes = {
	};
	objectVersion = 50;
	objects = {

/* Begin PBXBuildFile section */
		36C2D4376ACD89BCD998D490 /* Pods_MilkyWayTests.framework in Frameworks */ = {isa = PBXBuildFile; fileRef = 842F57D819CA47C105F6C87E /* Pods_MilkyWayTests.framework */; };
		CB305E4EC50AB5DAF07B298F /* Pods_MilkyWay.framework in Frameworks */ = {isa = PBXBuildFile; fileRef = EE9D3CDD823170A4A5D15219 /* Pods_MilkyWay.framework */; };
		E11D99012698D26200C67A98 /* AppDelegate.swift in Sources */ = {isa = PBXBuildFile; fileRef = E11D99002698D26200C67A98 /* AppDelegate.swift */; };
		E11D99032698D26200C67A98 /* SceneDelegate.swift in Sources */ = {isa = PBXBuildFile; fileRef = E11D99022698D26200C67A98 /* SceneDelegate.swift */; };
		E11D99052698D26200C67A98 /* HomeViewController.swift in Sources */ = {isa = PBXBuildFile; fileRef = E11D99042698D26200C67A98 /* HomeViewController.swift */; };
		E11D99082698D26200C67A98 /* Home.storyboard in Resources */ = {isa = PBXBuildFile; fileRef = E11D99062698D26200C67A98 /* Home.storyboard */; };
		E11D990A2698D26600C67A98 /* Assets.xcassets in Resources */ = {isa = PBXBuildFile; fileRef = E11D99092698D26600C67A98 /* Assets.xcassets */; };
		E11D990D2698D26600C67A98 /* LaunchScreen.storyboard in Resources */ = {isa = PBXBuildFile; fileRef = E11D990B2698D26600C67A98 /* LaunchScreen.storyboard */; };
		E11D99182698D26600C67A98 /* NetworkClientTests.swift in Sources */ = {isa = PBXBuildFile; fileRef = E11D99172698D26600C67A98 /* NetworkClientTests.swift */; };
		E11D99362698DA4500C67A98 /* Detail.storyboard in Resources */ = {isa = PBXBuildFile; fileRef = E11D99352698DA4500C67A98 /* Detail.storyboard */; };
		E11D99382698DAB100C67A98 /* NetworkClient.swift in Sources */ = {isa = PBXBuildFile; fileRef = E11D99372698DAB100C67A98 /* NetworkClient.swift */; };
		E11D993C2698DBD600C67A98 /* NasaImage.swift in Sources */ = {isa = PBXBuildFile; fileRef = E11D993B2698DBD600C67A98 /* NasaImage.swift */; };
		E11D993F2698E36A00C67A98 /* NasaResponseTests.swift in Sources */ = {isa = PBXBuildFile; fileRef = E11D993E2698E36A00C67A98 /* NasaResponseTests.swift */; };
		E11D99442698E3BD00C67A98 /* collection.json in Resources */ = {isa = PBXBuildFile; fileRef = E11D99432698E3BD00C67A98 /* collection.json */; };
		E11D99492698E5F200C67A98 /* NasaImageTests.swift in Sources */ = {isa = PBXBuildFile; fileRef = E11D99482698E5F200C67A98 /* NasaImageTests.swift */; };
		E11D994B2698E61000C67A98 /* image.json in Resources */ = {isa = PBXBuildFile; fileRef = E11D994A2698E61000C67A98 /* image.json */; };
		E11D994D2698ED0500C67A98 /* image_photographer.json in Resources */ = {isa = PBXBuildFile; fileRef = E11D994C2698ED0500C67A98 /* image_photographer.json */; };
		E11D99512698EEA700C67A98 /* NasaResponse.swift in Sources */ = {isa = PBXBuildFile; fileRef = E11D99502698EEA700C67A98 /* NasaResponse.swift */; };
		E11D99532698F1C600C67A98 /* Endpoints.swift in Sources */ = {isa = PBXBuildFile; fileRef = E11D99522698F1C600C67A98 /* Endpoints.swift */; };
		E11D99562698F67700C67A98 /* Bundle+getValue.swift in Sources */ = {isa = PBXBuildFile; fileRef = E11D99552698F67700C67A98 /* Bundle+getValue.swift */; };
		E11D99582698FAE500C67A98 /* NetworkError.swift in Sources */ = {isa = PBXBuildFile; fileRef = E11D99572698FAE500C67A98 /* NetworkError.swift */; };
		E11D995A269A095D00C67A98 /* EndpointTests.swift in Sources */ = {isa = PBXBuildFile; fileRef = E11D9959269A095D00C67A98 /* EndpointTests.swift */; };
		E11D995C269A0DC600C67A98 /* MilkyAPI.swift in Sources */ = {isa = PBXBuildFile; fileRef = E11D995B269A0DC600C67A98 /* MilkyAPI.swift */; };
		E11D9960269A0DF400C67A98 /* MilkyAPITests.swift in Sources */ = {isa = PBXBuildFile; fileRef = E11D995F269A0DF400C67A98 /* MilkyAPITests.swift */; };
		E11D9963269A104100C67A98 /* MockURLSession.swift in Sources */ = {isa = PBXBuildFile; fileRef = E11D9962269A104100C67A98 /* MockURLSession.swift */; };
		E11D9965269A14B400C67A98 /* HomeViewModel.swift in Sources */ = {isa = PBXBuildFile; fileRef = E11D9964269A14B400C67A98 /* HomeViewModel.swift */; };
		E11D996C269A1DB800C67A98 /* HomeTableViewCell.swift in Sources */ = {isa = PBXBuildFile; fileRef = E11D996B269A1DB800C67A98 /* HomeTableViewCell.swift */; };
		E11D9971269A23D100C67A98 /* Colors.swift in Sources */ = {isa = PBXBuildFile; fileRef = E11D9970269A23D100C67A98 /* Colors.swift */; };
		E11D9973269A23F200C67A98 /* Colors.xcassets in Resources */ = {isa = PBXBuildFile; fileRef = E11D9972269A23F200C67A98 /* Colors.xcassets */; };
		E11D9976269A254A00C67A98 /* ColorTests.swift in Sources */ = {isa = PBXBuildFile; fileRef = E11D9975269A254900C67A98 /* ColorTests.swift */; };
		E11D9978269A263F00C67A98 /* UIImage+solidColor.swift in Sources */ = {isa = PBXBuildFile; fileRef = E11D9977269A263F00C67A98 /* UIImage+solidColor.swift */; };
		E11D997A269A27ED00C67A98 /* UIFont+helveticaNeue.swift in Sources */ = {isa = PBXBuildFile; fileRef = E11D9979269A27ED00C67A98 /* UIFont+helveticaNeue.swift */; };
		E11D997C269A280000C67A98 /* Theme.swift in Sources */ = {isa = PBXBuildFile; fileRef = E11D997B269A280000C67A98 /* Theme.swift */; };
		E11D997E269A285F00C67A98 /* HomeTableViewCell.xib in Resources */ = {isa = PBXBuildFile; fileRef = E11D997D269A285F00C67A98 /* HomeTableViewCell.xib */; };
		E11D9980269A28F500C67A98 /* UITableView+registerNib.swift in Sources */ = {isa = PBXBuildFile; fileRef = E11D997F269A28F500C67A98 /* UITableView+registerNib.swift */; };
		E11D9983269A2E0C00C67A98 /* Formatter.swift in Sources */ = {isa = PBXBuildFile; fileRef = E11D9982269A2E0C00C67A98 /* Formatter.swift */; };
		E11D9986269A2FCF00C67A98 /* FormatterTests.swift in Sources */ = {isa = PBXBuildFile; fileRef = E11D9985269A2FCF00C67A98 /* FormatterTests.swift */; };
		E11D9988269B06E200C67A98 /* TestableAPI.swift in Sources */ = {isa = PBXBuildFile; fileRef = E11D9987269B06E200C67A98 /* TestableAPI.swift */; };
		E11D998B269B06F700C67A98 /* HomeViewModelTests.swift in Sources */ = {isa = PBXBuildFile; fileRef = E11D998A269B06F700C67A98 /* HomeViewModelTests.swift */; };
		E11D998D269B092E00C67A98 /* TestableModels.swift in Sources */ = {isa = PBXBuildFile; fileRef = E11D998C269B092E00C67A98 /* TestableModels.swift */; };
		E11D998F269B0C2000C67A98 /* TestableNetworkClient.swift in Sources */ = {isa = PBXBuildFile; fileRef = E11D998E269B0C2000C67A98 /* TestableNetworkClient.swift */; };
		E11D9991269B2CE700C67A98 /* NasaImageViewModel.swift in Sources */ = {isa = PBXBuildFile; fileRef = E11D9990269B2CE600C67A98 /* NasaImageViewModel.swift */; };
		E11D9993269B482A00C67A98 /* NasaImageViewModelTests.swift in Sources */ = {isa = PBXBuildFile; fileRef = E11D9992269B482A00C67A98 /* NasaImageViewModelTests.swift */; };
		E11D9995269B4BA800C67A98 /* ImageCache.swift in Sources */ = {isa = PBXBuildFile; fileRef = E11D9994269B4BA800C67A98 /* ImageCache.swift */; };
		E11D9998269B528300C67A98 /* ImageClient.swift in Sources */ = {isa = PBXBuildFile; fileRef = E11D9997269B528300C67A98 /* ImageClient.swift */; };
		E11D999A269B56F300C67A98 /* ImageLoader.swift in Sources */ = {isa = PBXBuildFile; fileRef = E11D9999269B56F300C67A98 /* ImageLoader.swift */; };
		E11D999C269B6B1C00C67A98 /* NasaImageDetailViewController.swift in Sources */ = {isa = PBXBuildFile; fileRef = E11D999B269B6B1C00C67A98 /* NasaImageDetailViewController.swift */; };
		E19E2ED1269B8EC2007E89B8 /* Storyboards.swift in Sources */ = {isa = PBXBuildFile; fileRef = E19E2ED0269B8EC2007E89B8 /* Storyboards.swift */; };
/* End PBXBuildFile section */

/* Begin PBXContainerItemProxy section */
		E11D99142698D26600C67A98 /* PBXContainerItemProxy */ = {
			isa = PBXContainerItemProxy;
			containerPortal = E11D98F52698D26200C67A98 /* Project object */;
			proxyType = 1;
			remoteGlobalIDString = E11D98FC2698D26200C67A98;
			remoteInfo = MilkyWay;
		};
/* End PBXContainerItemProxy section */

/* Begin PBXFileReference section */
		83FBBA85E2367EAFDEC80F71 /* Pods-MilkyWay.debug.xcconfig */ = {isa = PBXFileReference; includeInIndex = 1; lastKnownFileType = text.xcconfig; name = "Pods-MilkyWay.debug.xcconfig"; path = "Target Support Files/Pods-MilkyWay/Pods-MilkyWay.debug.xcconfig"; sourceTree = "<group>"; };
		842F57D819CA47C105F6C87E /* Pods_MilkyWayTests.framework */ = {isa = PBXFileReference; explicitFileType = wrapper.framework; includeInIndex = 0; path = Pods_MilkyWayTests.framework; sourceTree = BUILT_PRODUCTS_DIR; };
		88CC2F8DEFE7E51AA37F4C0E /* Pods-MilkyWay.release.xcconfig */ = {isa = PBXFileReference; includeInIndex = 1; lastKnownFileType = text.xcconfig; name = "Pods-MilkyWay.release.xcconfig"; path = "Target Support Files/Pods-MilkyWay/Pods-MilkyWay.release.xcconfig"; sourceTree = "<group>"; };
		B0F2FFD1FC47E32AEC2D42F1 /* Pods-MilkyWayTests.release.xcconfig */ = {isa = PBXFileReference; includeInIndex = 1; lastKnownFileType = text.xcconfig; name = "Pods-MilkyWayTests.release.xcconfig"; path = "Target Support Files/Pods-MilkyWayTests/Pods-MilkyWayTests.release.xcconfig"; sourceTree = "<group>"; };
		DE2DD047817A65FB86A28014 /* Pods-MilkyWayTests.debug.xcconfig */ = {isa = PBXFileReference; includeInIndex = 1; lastKnownFileType = text.xcconfig; name = "Pods-MilkyWayTests.debug.xcconfig"; path = "Target Support Files/Pods-MilkyWayTests/Pods-MilkyWayTests.debug.xcconfig"; sourceTree = "<group>"; };
		E11D98FD2698D26200C67A98 /* MilkyWay Develop.app */ = {isa = PBXFileReference; explicitFileType = wrapper.application; includeInIndex = 0; path = "MilkyWay Develop.app"; sourceTree = BUILT_PRODUCTS_DIR; };
		E11D99002698D26200C67A98 /* AppDelegate.swift */ = {isa = PBXFileReference; lastKnownFileType = sourcecode.swift; path = AppDelegate.swift; sourceTree = "<group>"; };
		E11D99022698D26200C67A98 /* SceneDelegate.swift */ = {isa = PBXFileReference; lastKnownFileType = sourcecode.swift; path = SceneDelegate.swift; sourceTree = "<group>"; };
		E11D99042698D26200C67A98 /* HomeViewController.swift */ = {isa = PBXFileReference; lastKnownFileType = sourcecode.swift; path = HomeViewController.swift; sourceTree = "<group>"; };
		E11D99072698D26200C67A98 /* Base */ = {isa = PBXFileReference; lastKnownFileType = file.storyboard; name = Base; path = Base.lproj/Home.storyboard; sourceTree = "<group>"; };
		E11D99092698D26600C67A98 /* Assets.xcassets */ = {isa = PBXFileReference; lastKnownFileType = folder.assetcatalog; path = Assets.xcassets; sourceTree = "<group>"; };
		E11D990C2698D26600C67A98 /* Base */ = {isa = PBXFileReference; lastKnownFileType = file.storyboard; name = Base; path = Base.lproj/LaunchScreen.storyboard; sourceTree = "<group>"; };
		E11D990E2698D26600C67A98 /* Info.plist */ = {isa = PBXFileReference; lastKnownFileType = text.plist.xml; path = Info.plist; sourceTree = "<group>"; };
		E11D99132698D26600C67A98 /* MilkyWayTests.xctest */ = {isa = PBXFileReference; explicitFileType = wrapper.cfbundle; includeInIndex = 0; path = MilkyWayTests.xctest; sourceTree = BUILT_PRODUCTS_DIR; };
		E11D99172698D26600C67A98 /* NetworkClientTests.swift */ = {isa = PBXFileReference; lastKnownFileType = sourcecode.swift; path = NetworkClientTests.swift; sourceTree = "<group>"; };
		E11D99192698D26600C67A98 /* Info.plist */ = {isa = PBXFileReference; lastKnownFileType = text.plist.xml; path = Info.plist; sourceTree = "<group>"; };
		E11D99352698DA4500C67A98 /* Detail.storyboard */ = {isa = PBXFileReference; lastKnownFileType = file.storyboard; path = Detail.storyboard; sourceTree = "<group>"; };
		E11D99372698DAB100C67A98 /* NetworkClient.swift */ = {isa = PBXFileReference; lastKnownFileType = sourcecode.swift; path = NetworkClient.swift; sourceTree = "<group>"; };
		E11D993B2698DBD600C67A98 /* NasaImage.swift */ = {isa = PBXFileReference; lastKnownFileType = sourcecode.swift; path = NasaImage.swift; sourceTree = "<group>"; };
		E11D993E2698E36A00C67A98 /* NasaResponseTests.swift */ = {isa = PBXFileReference; lastKnownFileType = sourcecode.swift; path = NasaResponseTests.swift; sourceTree = "<group>"; };
		E11D99432698E3BD00C67A98 /* collection.json */ = {isa = PBXFileReference; fileEncoding = 4; lastKnownFileType = text.json; path = collection.json; sourceTree = "<group>"; };
		E11D99482698E5F200C67A98 /* NasaImageTests.swift */ = {isa = PBXFileReference; lastKnownFileType = sourcecode.swift; path = NasaImageTests.swift; sourceTree = "<group>"; };
		E11D994A2698E61000C67A98 /* image.json */ = {isa = PBXFileReference; lastKnownFileType = text.json; path = image.json; sourceTree = "<group>"; };
		E11D994C2698ED0500C67A98 /* image_photographer.json */ = {isa = PBXFileReference; lastKnownFileType = text.json; path = image_photographer.json; sourceTree = "<group>"; };
		E11D994E2698EDDD00C67A98 /* .swiftlint.yml */ = {isa = PBXFileReference; fileEncoding = 4; lastKnownFileType = text.yaml; path = .swiftlint.yml; sourceTree = "<group>"; };
		E11D99502698EEA700C67A98 /* NasaResponse.swift */ = {isa = PBXFileReference; lastKnownFileType = sourcecode.swift; path = NasaResponse.swift; sourceTree = "<group>"; };
		E11D99522698F1C600C67A98 /* Endpoints.swift */ = {isa = PBXFileReference; lastKnownFileType = sourcecode.swift; path = Endpoints.swift; sourceTree = "<group>"; };
		E11D99552698F67700C67A98 /* Bundle+getValue.swift */ = {isa = PBXFileReference; lastKnownFileType = sourcecode.swift; path = "Bundle+getValue.swift"; sourceTree = "<group>"; };
		E11D99572698FAE500C67A98 /* NetworkError.swift */ = {isa = PBXFileReference; lastKnownFileType = sourcecode.swift; path = NetworkError.swift; sourceTree = "<group>"; };
		E11D9959269A095D00C67A98 /* EndpointTests.swift */ = {isa = PBXFileReference; lastKnownFileType = sourcecode.swift; path = EndpointTests.swift; sourceTree = "<group>"; };
		E11D995B269A0DC600C67A98 /* MilkyAPI.swift */ = {isa = PBXFileReference; lastKnownFileType = sourcecode.swift; path = MilkyAPI.swift; sourceTree = "<group>"; };
		E11D995F269A0DF400C67A98 /* MilkyAPITests.swift */ = {isa = PBXFileReference; lastKnownFileType = sourcecode.swift; path = MilkyAPITests.swift; sourceTree = "<group>"; };
		E11D9962269A104100C67A98 /* MockURLSession.swift */ = {isa = PBXFileReference; fileEncoding = 4; lastKnownFileType = sourcecode.swift; path = MockURLSession.swift; sourceTree = "<group>"; };
		E11D9964269A14B400C67A98 /* HomeViewModel.swift */ = {isa = PBXFileReference; lastKnownFileType = sourcecode.swift; path = HomeViewModel.swift; sourceTree = "<group>"; };
		E11D996B269A1DB800C67A98 /* HomeTableViewCell.swift */ = {isa = PBXFileReference; lastKnownFileType = sourcecode.swift; path = HomeTableViewCell.swift; sourceTree = "<group>"; };
		E11D9970269A23D100C67A98 /* Colors.swift */ = {isa = PBXFileReference; lastKnownFileType = sourcecode.swift; path = Colors.swift; sourceTree = "<group>"; };
		E11D9972269A23F200C67A98 /* Colors.xcassets */ = {isa = PBXFileReference; lastKnownFileType = folder.assetcatalog; path = Colors.xcassets; sourceTree = "<group>"; };
		E11D9975269A254900C67A98 /* ColorTests.swift */ = {isa = PBXFileReference; lastKnownFileType = sourcecode.swift; path = ColorTests.swift; sourceTree = "<group>"; };
		E11D9977269A263F00C67A98 /* UIImage+solidColor.swift */ = {isa = PBXFileReference; lastKnownFileType = sourcecode.swift; path = "UIImage+solidColor.swift"; sourceTree = "<group>"; };
		E11D9979269A27ED00C67A98 /* UIFont+helveticaNeue.swift */ = {isa = PBXFileReference; lastKnownFileType = sourcecode.swift; path = "UIFont+helveticaNeue.swift"; sourceTree = "<group>"; };
		E11D997B269A280000C67A98 /* Theme.swift */ = {isa = PBXFileReference; lastKnownFileType = sourcecode.swift; path = Theme.swift; sourceTree = "<group>"; };
		E11D997D269A285F00C67A98 /* HomeTableViewCell.xib */ = {isa = PBXFileReference; lastKnownFileType = file.xib; path = HomeTableViewCell.xib; sourceTree = "<group>"; };
		E11D997F269A28F500C67A98 /* UITableView+registerNib.swift */ = {isa = PBXFileReference; lastKnownFileType = sourcecode.swift; path = "UITableView+registerNib.swift"; sourceTree = "<group>"; };
		E11D9982269A2E0C00C67A98 /* Formatter.swift */ = {isa = PBXFileReference; lastKnownFileType = sourcecode.swift; path = Formatter.swift; sourceTree = "<group>"; };
		E11D9985269A2FCF00C67A98 /* FormatterTests.swift */ = {isa = PBXFileReference; lastKnownFileType = sourcecode.swift; path = FormatterTests.swift; sourceTree = "<group>"; };
		E11D9987269B06E200C67A98 /* TestableAPI.swift */ = {isa = PBXFileReference; lastKnownFileType = sourcecode.swift; path = TestableAPI.swift; sourceTree = "<group>"; };
		E11D998A269B06F700C67A98 /* HomeViewModelTests.swift */ = {isa = PBXFileReference; lastKnownFileType = sourcecode.swift; path = HomeViewModelTests.swift; sourceTree = "<group>"; };
		E11D998C269B092E00C67A98 /* TestableModels.swift */ = {isa = PBXFileReference; lastKnownFileType = sourcecode.swift; path = TestableModels.swift; sourceTree = "<group>"; };
		E11D998E269B0C2000C67A98 /* TestableNetworkClient.swift */ = {isa = PBXFileReference; lastKnownFileType = sourcecode.swift; path = TestableNetworkClient.swift; sourceTree = "<group>"; };
		E11D9990269B2CE600C67A98 /* NasaImageViewModel.swift */ = {isa = PBXFileReference; lastKnownFileType = sourcecode.swift; path = NasaImageViewModel.swift; sourceTree = "<group>"; };
		E11D9992269B482A00C67A98 /* NasaImageViewModelTests.swift */ = {isa = PBXFileReference; lastKnownFileType = sourcecode.swift; path = NasaImageViewModelTests.swift; sourceTree = "<group>"; };
		E11D9994269B4BA800C67A98 /* ImageCache.swift */ = {isa = PBXFileReference; lastKnownFileType = sourcecode.swift; path = ImageCache.swift; sourceTree = "<group>"; };
		E11D9997269B528300C67A98 /* ImageClient.swift */ = {isa = PBXFileReference; lastKnownFileType = sourcecode.swift; path = ImageClient.swift; sourceTree = "<group>"; };
		E11D9999269B56F300C67A98 /* ImageLoader.swift */ = {isa = PBXFileReference; lastKnownFileType = sourcecode.swift; path = ImageLoader.swift; sourceTree = "<group>"; };
		E11D999B269B6B1C00C67A98 /* NasaImageDetailViewController.swift */ = {isa = PBXFileReference; lastKnownFileType = sourcecode.swift; path = NasaImageDetailViewController.swift; sourceTree = "<group>"; };
		E19E2ED0269B8EC2007E89B8 /* Storyboards.swift */ = {isa = PBXFileReference; lastKnownFileType = sourcecode.swift; path = Storyboards.swift; sourceTree = "<group>"; };
		E1B2A03A269C6E07009EDE74 /* README.md */ = {isa = PBXFileReference; fileEncoding = 4; lastKnownFileType = net.daringfireball.markdown; path = README.md; sourceTree = "<group>"; };
		EE9D3CDD823170A4A5D15219 /* Pods_MilkyWay.framework */ = {isa = PBXFileReference; explicitFileType = wrapper.framework; includeInIndex = 0; path = Pods_MilkyWay.framework; sourceTree = BUILT_PRODUCTS_DIR; };
/* End PBXFileReference section */

/* Begin PBXFrameworksBuildPhase section */
		E11D98FA2698D26200C67A98 /* Frameworks */ = {
			isa = PBXFrameworksBuildPhase;
			buildActionMask = 2147483647;
			files = (
				CB305E4EC50AB5DAF07B298F /* Pods_MilkyWay.framework in Frameworks */,
			);
			runOnlyForDeploymentPostprocessing = 0;
		};
		E11D99102698D26600C67A98 /* Frameworks */ = {
			isa = PBXFrameworksBuildPhase;
			buildActionMask = 2147483647;
			files = (
				36C2D4376ACD89BCD998D490 /* Pods_MilkyWayTests.framework in Frameworks */,
			);
			runOnlyForDeploymentPostprocessing = 0;
		};
/* End PBXFrameworksBuildPhase section */

/* Begin PBXGroup section */
		8478DE2D089F4B1E6C3F7AB3 /* Pods */ = {
			isa = PBXGroup;
			children = (
				83FBBA85E2367EAFDEC80F71 /* Pods-MilkyWay.debug.xcconfig */,
				88CC2F8DEFE7E51AA37F4C0E /* Pods-MilkyWay.release.xcconfig */,
				DE2DD047817A65FB86A28014 /* Pods-MilkyWayTests.debug.xcconfig */,
				B0F2FFD1FC47E32AEC2D42F1 /* Pods-MilkyWayTests.release.xcconfig */,
			);
			path = Pods;
			sourceTree = "<group>";
		};
		85FE3DFB685E143C8C0F1EFC /* Frameworks */ = {
			isa = PBXGroup;
			children = (
				EE9D3CDD823170A4A5D15219 /* Pods_MilkyWay.framework */,
				842F57D819CA47C105F6C87E /* Pods_MilkyWayTests.framework */,
			);
			name = Frameworks;
			sourceTree = "<group>";
		};
		E11D98F42698D26200C67A98 = {
			isa = PBXGroup;
			children = (
				E1B2A03A269C6E07009EDE74 /* README.md */,
				E11D994E2698EDDD00C67A98 /* .swiftlint.yml */,
				E11D98FF2698D26200C67A98 /* MilkyWay */,
				E11D99162698D26600C67A98 /* MilkyWayTests */,
				E11D98FE2698D26200C67A98 /* Products */,
				8478DE2D089F4B1E6C3F7AB3 /* Pods */,
				85FE3DFB685E143C8C0F1EFC /* Frameworks */,
			);
			sourceTree = "<group>";
		};
		E11D98FE2698D26200C67A98 /* Products */ = {
			isa = PBXGroup;
			children = (
				E11D98FD2698D26200C67A98 /* MilkyWay Develop.app */,
				E11D99132698D26600C67A98 /* MilkyWayTests.xctest */,
			);
			name = Products;
			sourceTree = "<group>";
		};
		E11D98FF2698D26200C67A98 /* MilkyWay */ = {
			isa = PBXGroup;
			children = (
				E11D9996269B527400C67A98 /* Image Loading */,
				E11D9981269A2E0000C67A98 /* Utils */,
				E11D996F269A23C600C67A98 /* Theme */,
				E11D99342698DA1E00C67A98 /* Network */,
				E11D993A2698DBCE00C67A98 /* Models */,
				E11D9966269A164D00C67A98 /* Views */,
				E11D99322698DA0D00C67A98 /* Home */,
				E11D99332698DA1300C67A98 /* Detail */,
				E11D99542698F66200C67A98 /* Extensions */,
				E11D99002698D26200C67A98 /* AppDelegate.swift */,
				E11D99022698D26200C67A98 /* SceneDelegate.swift */,
				E11D99312698D9FF00C67A98 /* Resources */,
			);
			path = MilkyWay;
			sourceTree = "<group>";
		};
		E11D99162698D26600C67A98 /* MilkyWayTests */ = {
			isa = PBXGroup;
			children = (
				E11D9989269B06E900C67A98 /* Home */,
				E11D9984269A2FBF00C67A98 /* Utils */,
				E11D9974269A253D00C67A98 /* Theme */,
				E11D99402698E38F00C67A98 /* Json */,
				E11D993D2698E35E00C67A98 /* Models */,
				E11D99392698DAC000C67A98 /* Network */,
				E11D9961269A103400C67A98 /* Testables */,
				E11D99192698D26600C67A98 /* Info.plist */,
			);
			path = MilkyWayTests;
			sourceTree = "<group>";
		};
		E11D99312698D9FF00C67A98 /* Resources */ = {
			isa = PBXGroup;
			children = (
				E11D99092698D26600C67A98 /* Assets.xcassets */,
				E11D9972269A23F200C67A98 /* Colors.xcassets */,
				E11D990B2698D26600C67A98 /* LaunchScreen.storyboard */,
				E11D990E2698D26600C67A98 /* Info.plist */,
			);
			path = Resources;
			sourceTree = "<group>";
		};
		E11D99322698DA0D00C67A98 /* Home */ = {
			isa = PBXGroup;
			children = (
				E11D99062698D26200C67A98 /* Home.storyboard */,
				E11D99042698D26200C67A98 /* HomeViewController.swift */,
				E11D9964269A14B400C67A98 /* HomeViewModel.swift */,
			);
			path = Home;
			sourceTree = "<group>";
		};
		E11D99332698DA1300C67A98 /* Detail */ = {
			isa = PBXGroup;
			children = (
				E11D99352698DA4500C67A98 /* Detail.storyboard */,
				E11D999B269B6B1C00C67A98 /* NasaImageDetailViewController.swift */,
				E11D9990269B2CE600C67A98 /* NasaImageViewModel.swift */,
			);
			path = Detail;
			sourceTree = "<group>";
		};
		E11D99342698DA1E00C67A98 /* Network */ = {
			isa = PBXGroup;
			children = (
				E11D995B269A0DC600C67A98 /* MilkyAPI.swift */,
				E11D99372698DAB100C67A98 /* NetworkClient.swift */,
				E11D99522698F1C600C67A98 /* Endpoints.swift */,
				E11D99572698FAE500C67A98 /* NetworkError.swift */,
			);
			path = Network;
			sourceTree = "<group>";
		};
		E11D99392698DAC000C67A98 /* Network */ = {
			isa = PBXGroup;
			children = (
				E11D99172698D26600C67A98 /* NetworkClientTests.swift */,
				E11D9959269A095D00C67A98 /* EndpointTests.swift */,
				E11D995F269A0DF400C67A98 /* MilkyAPITests.swift */,
			);
			path = Network;
			sourceTree = "<group>";
		};
		E11D993A2698DBCE00C67A98 /* Models */ = {
			isa = PBXGroup;
			children = (
				E11D993B2698DBD600C67A98 /* NasaImage.swift */,
				E11D99502698EEA700C67A98 /* NasaResponse.swift */,
			);
			path = Models;
			sourceTree = "<group>";
		};
		E11D993D2698E35E00C67A98 /* Models */ = {
			isa = PBXGroup;
			children = (
				E11D993E2698E36A00C67A98 /* NasaResponseTests.swift */,
				E11D99482698E5F200C67A98 /* NasaImageTests.swift */,
			);
			path = Models;
			sourceTree = "<group>";
		};
		E11D99402698E38F00C67A98 /* Json */ = {
			isa = PBXGroup;
			children = (
				E11D99432698E3BD00C67A98 /* collection.json */,
				E11D994A2698E61000C67A98 /* image.json */,
				E11D994C2698ED0500C67A98 /* image_photographer.json */,
			);
			path = Json;
			sourceTree = "<group>";
		};
		E11D99542698F66200C67A98 /* Extensions */ = {
			isa = PBXGroup;
			children = (
				E11D99552698F67700C67A98 /* Bundle+getValue.swift */,
				E11D9977269A263F00C67A98 /* UIImage+solidColor.swift */,
				E11D9979269A27ED00C67A98 /* UIFont+helveticaNeue.swift */,
				E11D997F269A28F500C67A98 /* UITableView+registerNib.swift */,
			);
			path = Extensions;
			sourceTree = "<group>";
		};
		E11D9961269A103400C67A98 /* Testables */ = {
			isa = PBXGroup;
			children = (
				E11D9962269A104100C67A98 /* MockURLSession.swift */,
				E11D9987269B06E200C67A98 /* TestableAPI.swift */,
				E11D998C269B092E00C67A98 /* TestableModels.swift */,
				E11D998E269B0C2000C67A98 /* TestableNetworkClient.swift */,
			);
			path = Testables;
			sourceTree = "<group>";
		};
		E11D9966269A164D00C67A98 /* Views */ = {
			isa = PBXGroup;
			children = (
				E11D997D269A285F00C67A98 /* HomeTableViewCell.xib */,
				E11D996B269A1DB800C67A98 /* HomeTableViewCell.swift */,
			);
			path = Views;
			sourceTree = "<group>";
		};
		E11D996F269A23C600C67A98 /* Theme */ = {
			isa = PBXGroup;
			children = (
				E11D9970269A23D100C67A98 /* Colors.swift */,
				E11D997B269A280000C67A98 /* Theme.swift */,
			);
			path = Theme;
			sourceTree = "<group>";
		};
		E11D9974269A253D00C67A98 /* Theme */ = {
			isa = PBXGroup;
			children = (
				E11D9975269A254900C67A98 /* ColorTests.swift */,
			);
			path = Theme;
			sourceTree = "<group>";
		};
		E11D9981269A2E0000C67A98 /* Utils */ = {
			isa = PBXGroup;
			children = (
				E19E2ED0269B8EC2007E89B8 /* Storyboards.swift */,
				E11D9982269A2E0C00C67A98 /* Formatter.swift */,
			);
			path = Utils;
			sourceTree = "<group>";
		};
		E11D9984269A2FBF00C67A98 /* Utils */ = {
			isa = PBXGroup;
			children = (
				E11D9985269A2FCF00C67A98 /* FormatterTests.swift */,
			);
			path = Utils;
			sourceTree = "<group>";
		};
		E11D9989269B06E900C67A98 /* Home */ = {
			isa = PBXGroup;
			children = (
				E11D998A269B06F700C67A98 /* HomeViewModelTests.swift */,
				E11D9992269B482A00C67A98 /* NasaImageViewModelTests.swift */,
			);
			path = Home;
			sourceTree = "<group>";
		};
		E11D9996269B527400C67A98 /* Image Loading */ = {
			isa = PBXGroup;
			children = (
				E11D9994269B4BA800C67A98 /* ImageCache.swift */,
				E11D9997269B528300C67A98 /* ImageClient.swift */,
				E11D9999269B56F300C67A98 /* ImageLoader.swift */,
			);
			path = "Image Loading";
			sourceTree = "<group>";
		};
/* End PBXGroup section */

/* Begin PBXNativeTarget section */
		E11D98FC2698D26200C67A98 /* MilkyWay */ = {
			isa = PBXNativeTarget;
			buildConfigurationList = E11D99272698D26600C67A98 /* Build configuration list for PBXNativeTarget "MilkyWay" */;
			buildPhases = (
				3FFB8CCCF2ED8B0C0B531A4F /* [CP] Check Pods Manifest.lock */,
				E11D98F92698D26200C67A98 /* Sources */,
				E11D98FA2698D26200C67A98 /* Frameworks */,
				E11D98FB2698D26200C67A98 /* Resources */,
				E11D99302698D90000C67A98 /* Swiftlint */,
			);
			buildRules = (
			);
			dependencies = (
			);
			name = MilkyWay;
			productName = MilkyWay;
			productReference = E11D98FD2698D26200C67A98 /* MilkyWay Develop.app */;
			productType = "com.apple.product-type.application";
		};
		E11D99122698D26600C67A98 /* MilkyWayTests */ = {
			isa = PBXNativeTarget;
			buildConfigurationList = E11D992A2698D26600C67A98 /* Build configuration list for PBXNativeTarget "MilkyWayTests" */;
			buildPhases = (
				CF914D43BE282836BE164762 /* [CP] Check Pods Manifest.lock */,
				E11D990F2698D26600C67A98 /* Sources */,
				E11D99102698D26600C67A98 /* Frameworks */,
				E11D99112698D26600C67A98 /* Resources */,
			);
			buildRules = (
			);
			dependencies = (
				E11D99152698D26600C67A98 /* PBXTargetDependency */,
			);
			name = MilkyWayTests;
			productName = MilkyWayTests;
			productReference = E11D99132698D26600C67A98 /* MilkyWayTests.xctest */;
			productType = "com.apple.product-type.bundle.unit-test";
		};
/* End PBXNativeTarget section */

/* Begin PBXProject section */
		E11D98F52698D26200C67A98 /* Project object */ = {
			isa = PBXProject;
			attributes = {
				LastSwiftUpdateCheck = 1250;
				LastUpgradeCheck = 1250;
				TargetAttributes = {
					E11D98FC2698D26200C67A98 = {
						CreatedOnToolsVersion = 12.5.1;
					};
					E11D99122698D26600C67A98 = {
						CreatedOnToolsVersion = 12.5.1;
						TestTargetID = E11D98FC2698D26200C67A98;
					};
				};
			};
			buildConfigurationList = E11D98F82698D26200C67A98 /* Build configuration list for PBXProject "MilkyWay" */;
			compatibilityVersion = "Xcode 9.3";
			developmentRegion = en;
			hasScannedForEncodings = 0;
			knownRegions = (
				en,
				Base,
			);
			mainGroup = E11D98F42698D26200C67A98;
			productRefGroup = E11D98FE2698D26200C67A98 /* Products */;
			projectDirPath = "";
			projectRoot = "";
			targets = (
				E11D98FC2698D26200C67A98 /* MilkyWay */,
				E11D99122698D26600C67A98 /* MilkyWayTests */,
			);
		};
/* End PBXProject section */

/* Begin PBXResourcesBuildPhase section */
		E11D98FB2698D26200C67A98 /* Resources */ = {
			isa = PBXResourcesBuildPhase;
			buildActionMask = 2147483647;
			files = (
				E11D997E269A285F00C67A98 /* HomeTableViewCell.xib in Resources */,
				E11D990D2698D26600C67A98 /* LaunchScreen.storyboard in Resources */,
				E11D990A2698D26600C67A98 /* Assets.xcassets in Resources */,
				E11D99082698D26200C67A98 /* Home.storyboard in Resources */,
				E11D99362698DA4500C67A98 /* Detail.storyboard in Resources */,
				E11D9973269A23F200C67A98 /* Colors.xcassets in Resources */,
			);
			runOnlyForDeploymentPostprocessing = 0;
		};
		E11D99112698D26600C67A98 /* Resources */ = {
			isa = PBXResourcesBuildPhase;
			buildActionMask = 2147483647;
			files = (
				E11D99442698E3BD00C67A98 /* collection.json in Resources */,
				E11D994B2698E61000C67A98 /* image.json in Resources */,
				E11D994D2698ED0500C67A98 /* image_photographer.json in Resources */,
			);
			runOnlyForDeploymentPostprocessing = 0;
		};
/* End PBXResourcesBuildPhase section */

/* Begin PBXShellScriptBuildPhase section */
		3FFB8CCCF2ED8B0C0B531A4F /* [CP] Check Pods Manifest.lock */ = {
			isa = PBXShellScriptBuildPhase;
			buildActionMask = 2147483647;
			files = (
			);
			inputFileListPaths = (
			);
			inputPaths = (
				"${PODS_PODFILE_DIR_PATH}/Podfile.lock",
				"${PODS_ROOT}/Manifest.lock",
			);
			name = "[CP] Check Pods Manifest.lock";
			outputFileListPaths = (
			);
			outputPaths = (
				"$(DERIVED_FILE_DIR)/Pods-MilkyWay-checkManifestLockResult.txt",
			);
			runOnlyForDeploymentPostprocessing = 0;
			shellPath = /bin/sh;
			shellScript = "diff \"${PODS_PODFILE_DIR_PATH}/Podfile.lock\" \"${PODS_ROOT}/Manifest.lock\" > /dev/null\nif [ $? != 0 ] ; then\n    # print error to STDERR\n    echo \"error: The sandbox is not in sync with the Podfile.lock. Run 'pod install' or update your CocoaPods installation.\" >&2\n    exit 1\nfi\n# This output is used by Xcode 'outputs' to avoid re-running this script phase.\necho \"SUCCESS\" > \"${SCRIPT_OUTPUT_FILE_0}\"\n";
			showEnvVarsInLog = 0;
		};
		CF914D43BE282836BE164762 /* [CP] Check Pods Manifest.lock */ = {
			isa = PBXShellScriptBuildPhase;
			buildActionMask = 2147483647;
			files = (
			);
			inputFileListPaths = (
			);
			inputPaths = (
				"${PODS_PODFILE_DIR_PATH}/Podfile.lock",
				"${PODS_ROOT}/Manifest.lock",
			);
			name = "[CP] Check Pods Manifest.lock";
			outputFileListPaths = (
			);
			outputPaths = (
				"$(DERIVED_FILE_DIR)/Pods-MilkyWayTests-checkManifestLockResult.txt",
			);
			runOnlyForDeploymentPostprocessing = 0;
			shellPath = /bin/sh;
			shellScript = "diff \"${PODS_PODFILE_DIR_PATH}/Podfile.lock\" \"${PODS_ROOT}/Manifest.lock\" > /dev/null\nif [ $? != 0 ] ; then\n    # print error to STDERR\n    echo \"error: The sandbox is not in sync with the Podfile.lock. Run 'pod install' or update your CocoaPods installation.\" >&2\n    exit 1\nfi\n# This output is used by Xcode 'outputs' to avoid re-running this script phase.\necho \"SUCCESS\" > \"${SCRIPT_OUTPUT_FILE_0}\"\n";
			showEnvVarsInLog = 0;
		};
		E11D99302698D90000C67A98 /* Swiftlint */ = {
			isa = PBXShellScriptBuildPhase;
			buildActionMask = 2147483647;
			files = (
			);
			inputFileListPaths = (
			);
			inputPaths = (
			);
			name = Swiftlint;
			outputFileListPaths = (
			);
			outputPaths = (
			);
			runOnlyForDeploymentPostprocessing = 0;
			shellPath = /bin/sh;
			shellScript = "\"${PODS_ROOT}/SwiftLint/swiftlint\" autocorrect\n\"${PODS_ROOT}/SwiftLint/swiftlint\"\n";
		};
/* End PBXShellScriptBuildPhase section */

/* Begin PBXSourcesBuildPhase section */
		E11D98F92698D26200C67A98 /* Sources */ = {
			isa = PBXSourcesBuildPhase;
			buildActionMask = 2147483647;
			files = (
				E19E2ED1269B8EC2007E89B8 /* Storyboards.swift in Sources */,
				E11D99532698F1C600C67A98 /* Endpoints.swift in Sources */,
				E11D9971269A23D100C67A98 /* Colors.swift in Sources */,
				E11D9965269A14B400C67A98 /* HomeViewModel.swift in Sources */,
				E11D996C269A1DB800C67A98 /* HomeTableViewCell.swift in Sources */,
				E11D9998269B528300C67A98 /* ImageClient.swift in Sources */,
				E11D997A269A27ED00C67A98 /* UIFont+helveticaNeue.swift in Sources */,
				E11D995C269A0DC600C67A98 /* MilkyAPI.swift in Sources */,
				E11D99052698D26200C67A98 /* HomeViewController.swift in Sources */,
				E11D99562698F67700C67A98 /* Bundle+getValue.swift in Sources */,
				E11D997C269A280000C67A98 /* Theme.swift in Sources */,
				E11D9978269A263F00C67A98 /* UIImage+solidColor.swift in Sources */,
				E11D9995269B4BA800C67A98 /* ImageCache.swift in Sources */,
				E11D99512698EEA700C67A98 /* NasaResponse.swift in Sources */,
				E11D99012698D26200C67A98 /* AppDelegate.swift in Sources */,
				E11D9991269B2CE700C67A98 /* NasaImageViewModel.swift in Sources */,
				E11D993C2698DBD600C67A98 /* NasaImage.swift in Sources */,
				E11D999C269B6B1C00C67A98 /* NasaImageDetailViewController.swift in Sources */,
				E11D999A269B56F300C67A98 /* ImageLoader.swift in Sources */,
				E11D99582698FAE500C67A98 /* NetworkError.swift in Sources */,
				E11D99032698D26200C67A98 /* SceneDelegate.swift in Sources */,
				E11D9980269A28F500C67A98 /* UITableView+registerNib.swift in Sources */,
				E11D9983269A2E0C00C67A98 /* Formatter.swift in Sources */,
				E11D99382698DAB100C67A98 /* NetworkClient.swift in Sources */,
			);
			runOnlyForDeploymentPostprocessing = 0;
		};
		E11D990F2698D26600C67A98 /* Sources */ = {
			isa = PBXSourcesBuildPhase;
			buildActionMask = 2147483647;
			files = (
				E11D99492698E5F200C67A98 /* NasaImageTests.swift in Sources */,
				E11D9960269A0DF400C67A98 /* MilkyAPITests.swift in Sources */,
				E11D993F2698E36A00C67A98 /* NasaResponseTests.swift in Sources */,
				E11D998F269B0C2000C67A98 /* TestableNetworkClient.swift in Sources */,
				E11D9963269A104100C67A98 /* MockURLSession.swift in Sources */,
				E11D9993269B482A00C67A98 /* NasaImageViewModelTests.swift in Sources */,
				E11D995A269A095D00C67A98 /* EndpointTests.swift in Sources */,
				E11D998B269B06F700C67A98 /* HomeViewModelTests.swift in Sources */,
				E11D9976269A254A00C67A98 /* ColorTests.swift in Sources */,
				E11D998D269B092E00C67A98 /* TestableModels.swift in Sources */,
				E11D9988269B06E200C67A98 /* TestableAPI.swift in Sources */,
				E11D9986269A2FCF00C67A98 /* FormatterTests.swift in Sources */,
				E11D99182698D26600C67A98 /* NetworkClientTests.swift in Sources */,
			);
			runOnlyForDeploymentPostprocessing = 0;
		};
/* End PBXSourcesBuildPhase section */

/* Begin PBXTargetDependency section */
		E11D99152698D26600C67A98 /* PBXTargetDependency */ = {
			isa = PBXTargetDependency;
			target = E11D98FC2698D26200C67A98 /* MilkyWay */;
			targetProxy = E11D99142698D26600C67A98 /* PBXContainerItemProxy */;
		};
/* End PBXTargetDependency section */

/* Begin PBXVariantGroup section */
		E11D99062698D26200C67A98 /* Home.storyboard */ = {
			isa = PBXVariantGroup;
			children = (
				E11D99072698D26200C67A98 /* Base */,
			);
			name = Home.storyboard;
			sourceTree = "<group>";
		};
		E11D990B2698D26600C67A98 /* LaunchScreen.storyboard */ = {
			isa = PBXVariantGroup;
			children = (
				E11D990C2698D26600C67A98 /* Base */,
			);
			name = LaunchScreen.storyboard;
			sourceTree = "<group>";
		};
/* End PBXVariantGroup section */

/* Begin XCBuildConfiguration section */
		E11D99252698D26600C67A98 /* Debug */ = {
			isa = XCBuildConfiguration;
			buildSettings = {
				ALWAYS_SEARCH_USER_PATHS = NO;
				CLANG_ANALYZER_NONNULL = YES;
				CLANG_ANALYZER_NUMBER_OBJECT_CONVERSION = YES_AGGRESSIVE;
				CLANG_CXX_LANGUAGE_STANDARD = "gnu++14";
				CLANG_CXX_LIBRARY = "libc++";
				CLANG_ENABLE_MODULES = YES;
				CLANG_ENABLE_OBJC_ARC = YES;
				CLANG_ENABLE_OBJC_WEAK = YES;
				CLANG_WARN_BLOCK_CAPTURE_AUTORELEASING = YES;
				CLANG_WARN_BOOL_CONVERSION = YES;
				CLANG_WARN_COMMA = YES;
				CLANG_WARN_CONSTANT_CONVERSION = YES;
				CLANG_WARN_DEPRECATED_OBJC_IMPLEMENTATIONS = YES;
				CLANG_WARN_DIRECT_OBJC_ISA_USAGE = YES_ERROR;
				CLANG_WARN_DOCUMENTATION_COMMENTS = YES;
				CLANG_WARN_EMPTY_BODY = YES;
				CLANG_WARN_ENUM_CONVERSION = YES;
				CLANG_WARN_INFINITE_RECURSION = YES;
				CLANG_WARN_INT_CONVERSION = YES;
				CLANG_WARN_NON_LITERAL_NULL_CONVERSION = YES;
				CLANG_WARN_OBJC_IMPLICIT_RETAIN_SELF = YES;
				CLANG_WARN_OBJC_LITERAL_CONVERSION = YES;
				CLANG_WARN_OBJC_ROOT_CLASS = YES_ERROR;
				CLANG_WARN_QUOTED_INCLUDE_IN_FRAMEWORK_HEADER = YES;
				CLANG_WARN_RANGE_LOOP_ANALYSIS = YES;
				CLANG_WARN_STRICT_PROTOTYPES = YES;
				CLANG_WARN_SUSPICIOUS_MOVE = YES;
				CLANG_WARN_UNGUARDED_AVAILABILITY = YES_AGGRESSIVE;
				CLANG_WARN_UNREACHABLE_CODE = YES;
				CLANG_WARN__DUPLICATE_METHOD_MATCH = YES;
				COPY_PHASE_STRIP = NO;
				DEBUG_INFORMATION_FORMAT = dwarf;
				ENABLE_STRICT_OBJC_MSGSEND = YES;
				ENABLE_TESTABILITY = YES;
				GCC_C_LANGUAGE_STANDARD = gnu11;
				GCC_DYNAMIC_NO_PIC = NO;
				GCC_NO_COMMON_BLOCKS = YES;
				GCC_OPTIMIZATION_LEVEL = 0;
				GCC_PREPROCESSOR_DEFINITIONS = (
					"DEBUG=1",
					"$(inherited)",
				);
				GCC_WARN_64_TO_32_BIT_CONVERSION = YES;
				GCC_WARN_ABOUT_RETURN_TYPE = YES_ERROR;
				GCC_WARN_UNDECLARED_SELECTOR = YES;
				GCC_WARN_UNINITIALIZED_AUTOS = YES_AGGRESSIVE;
				GCC_WARN_UNUSED_FUNCTION = YES;
				GCC_WARN_UNUSED_VARIABLE = YES;
				IPHONEOS_DEPLOYMENT_TARGET = 14.1;
				MTL_ENABLE_DEBUG_INFO = INCLUDE_SOURCE;
				MTL_FAST_MATH = YES;
				ONLY_ACTIVE_ARCH = YES;
				SDKROOT = iphoneos;
				SWIFT_ACTIVE_COMPILATION_CONDITIONS = DEBUG;
				SWIFT_OPTIMIZATION_LEVEL = "-Onone";
			};
			name = Debug;
		};
		E11D99262698D26600C67A98 /* Release */ = {
			isa = XCBuildConfiguration;
			buildSettings = {
				ALWAYS_SEARCH_USER_PATHS = NO;
				CLANG_ANALYZER_NONNULL = YES;
				CLANG_ANALYZER_NUMBER_OBJECT_CONVERSION = YES_AGGRESSIVE;
				CLANG_CXX_LANGUAGE_STANDARD = "gnu++14";
				CLANG_CXX_LIBRARY = "libc++";
				CLANG_ENABLE_MODULES = YES;
				CLANG_ENABLE_OBJC_ARC = YES;
				CLANG_ENABLE_OBJC_WEAK = YES;
				CLANG_WARN_BLOCK_CAPTURE_AUTORELEASING = YES;
				CLANG_WARN_BOOL_CONVERSION = YES;
				CLANG_WARN_COMMA = YES;
				CLANG_WARN_CONSTANT_CONVERSION = YES;
				CLANG_WARN_DEPRECATED_OBJC_IMPLEMENTATIONS = YES;
				CLANG_WARN_DIRECT_OBJC_ISA_USAGE = YES_ERROR;
				CLANG_WARN_DOCUMENTATION_COMMENTS = YES;
				CLANG_WARN_EMPTY_BODY = YES;
				CLANG_WARN_ENUM_CONVERSION = YES;
				CLANG_WARN_INFINITE_RECURSION = YES;
				CLANG_WARN_INT_CONVERSION = YES;
				CLANG_WARN_NON_LITERAL_NULL_CONVERSION = YES;
				CLANG_WARN_OBJC_IMPLICIT_RETAIN_SELF = YES;
				CLANG_WARN_OBJC_LITERAL_CONVERSION = YES;
				CLANG_WARN_OBJC_ROOT_CLASS = YES_ERROR;
				CLANG_WARN_QUOTED_INCLUDE_IN_FRAMEWORK_HEADER = YES;
				CLANG_WARN_RANGE_LOOP_ANALYSIS = YES;
				CLANG_WARN_STRICT_PROTOTYPES = YES;
				CLANG_WARN_SUSPICIOUS_MOVE = YES;
				CLANG_WARN_UNGUARDED_AVAILABILITY = YES_AGGRESSIVE;
				CLANG_WARN_UNREACHABLE_CODE = YES;
				CLANG_WARN__DUPLICATE_METHOD_MATCH = YES;
				COPY_PHASE_STRIP = NO;
				DEBUG_INFORMATION_FORMAT = "dwarf-with-dsym";
				ENABLE_NS_ASSERTIONS = NO;
				ENABLE_STRICT_OBJC_MSGSEND = YES;
				GCC_C_LANGUAGE_STANDARD = gnu11;
				GCC_NO_COMMON_BLOCKS = YES;
				GCC_WARN_64_TO_32_BIT_CONVERSION = YES;
				GCC_WARN_ABOUT_RETURN_TYPE = YES_ERROR;
				GCC_WARN_UNDECLARED_SELECTOR = YES;
				GCC_WARN_UNINITIALIZED_AUTOS = YES_AGGRESSIVE;
				GCC_WARN_UNUSED_FUNCTION = YES;
				GCC_WARN_UNUSED_VARIABLE = YES;
				IPHONEOS_DEPLOYMENT_TARGET = 14.1;
				MTL_ENABLE_DEBUG_INFO = NO;
				MTL_FAST_MATH = YES;
				SDKROOT = iphoneos;
				SWIFT_COMPILATION_MODE = wholemodule;
				SWIFT_OPTIMIZATION_LEVEL = "-O";
				VALIDATE_PRODUCT = YES;
			};
			name = Release;
		};
		E11D99282698D26600C67A98 /* Debug */ = {
			isa = XCBuildConfiguration;
			baseConfigurationReference = 83FBBA85E2367EAFDEC80F71 /* Pods-MilkyWay.debug.xcconfig */;
			buildSettings = {
				ASSETCATALOG_COMPILER_APPICON_NAME = AppIcon;
				ASSETCATALOG_COMPILER_GLOBAL_ACCENT_COLOR_NAME = AccentColor;
				BASE_URL = "https://images-api.nasa.gov";
				CODE_SIGN_STYLE = Automatic;
				INFOPLIST_FILE = MilkyWay/Resources/Info.plist;
				IPHONEOS_DEPLOYMENT_TARGET = 14.1;
				LD_RUNPATH_SEARCH_PATHS = (
					"$(inherited)",
					"@executable_path/Frameworks",
				);
				PRODUCT_BUNDLE_IDENTIFIER = demo.MilkyWay.dev;
				PRODUCT_NAME = "$(TARGET_NAME) Develop";
				SWIFT_VERSION = 5.0;
				TARGETED_DEVICE_FAMILY = 1;
			};
			name = Debug;
		};
		E11D99292698D26600C67A98 /* Release */ = {
			isa = XCBuildConfiguration;
			baseConfigurationReference = 88CC2F8DEFE7E51AA37F4C0E /* Pods-MilkyWay.release.xcconfig */;
			buildSettings = {
				ASSETCATALOG_COMPILER_APPICON_NAME = AppIcon;
				ASSETCATALOG_COMPILER_GLOBAL_ACCENT_COLOR_NAME = AccentColor;
				BASE_URL = "https://images-api.nasa.gov";
				CODE_SIGN_STYLE = Automatic;
				INFOPLIST_FILE = MilkyWay/Resources/Info.plist;
				IPHONEOS_DEPLOYMENT_TARGET = 14.1;
				LD_RUNPATH_SEARCH_PATHS = (
					"$(inherited)",
					"@executable_path/Frameworks",
				);
				PRODUCT_BUNDLE_IDENTIFIER = demo.MilkyWay;
				PRODUCT_NAME = "$(TARGET_NAME)";
				SWIFT_VERSION = 5.0;
				TARGETED_DEVICE_FAMILY = 1;
			};
			name = Release;
		};
		E11D992B2698D26600C67A98 /* Debug */ = {
			isa = XCBuildConfiguration;
			baseConfigurationReference = DE2DD047817A65FB86A28014 /* Pods-MilkyWayTests.debug.xcconfig */;
			buildSettings = {
				ALWAYS_EMBED_SWIFT_STANDARD_LIBRARIES = YES;
				BUNDLE_LOADER = "$(TEST_HOST)";
				CODE_SIGN_STYLE = Automatic;
				INFOPLIST_FILE = MilkyWayTests/Info.plist;
				IPHONEOS_DEPLOYMENT_TARGET = 14.5;
				LD_RUNPATH_SEARCH_PATHS = (
					"$(inherited)",
					"@executable_path/Frameworks",
					"@loader_path/Frameworks",
				);
				PRODUCT_BUNDLE_IDENTIFIER = demo.MilkyWayTests;
				PRODUCT_NAME = "$(TARGET_NAME)";
				SWIFT_VERSION = 5.0;
				TARGETED_DEVICE_FAMILY = "1,2";
				TEST_HOST = "$(BUILT_PRODUCTS_DIR)/MilkyWay.app/MilkyWay";
			};
			name = Debug;
		};
		E11D992C2698D26600C67A98 /* Release */ = {
			isa = XCBuildConfiguration;
			baseConfigurationReference = B0F2FFD1FC47E32AEC2D42F1 /* Pods-MilkyWayTests.release.xcconfig */;
			buildSettings = {
				ALWAYS_EMBED_SWIFT_STANDARD_LIBRARIES = YES;
				BUNDLE_LOADER = "$(TEST_HOST)";
				CODE_SIGN_STYLE = Automatic;
				INFOPLIST_FILE = MilkyWayTests/Info.plist;
				IPHONEOS_DEPLOYMENT_TARGET = 14.5;
				LD_RUNPATH_SEARCH_PATHS = (
					"$(inherited)",
					"@executable_path/Frameworks",
					"@loader_path/Frameworks",
				);
				PRODUCT_BUNDLE_IDENTIFIER = demo.MilkyWayTests;
				PRODUCT_NAME = "$(TARGET_NAME)";
				SWIFT_VERSION = 5.0;
				TARGETED_DEVICE_FAMILY = "1,2";
				TEST_HOST = "$(BUILT_PRODUCTS_DIR)/MilkyWay.app/MilkyWay";
			};
			name = Release;
		};
/* End XCBuildConfiguration section */

/* Begin XCConfigurationList section */
		E11D98F82698D26200C67A98 /* Build configuration list for PBXProject "MilkyWay" */ = {
			isa = XCConfigurationList;
			buildConfigurations = (
				E11D99252698D26600C67A98 /* Debug */,
				E11D99262698D26600C67A98 /* Release */,
			);
			defaultConfigurationIsVisible = 0;
			defaultConfigurationName = Release;
		};
		E11D99272698D26600C67A98 /* Build configuration list for PBXNativeTarget "MilkyWay" */ = {
			isa = XCConfigurationList;
			buildConfigurations = (
				E11D99282698D26600C67A98 /* Debug */,
				E11D99292698D26600C67A98 /* Release */,
			);
			defaultConfigurationIsVisible = 0;
			defaultConfigurationName = Release;
		};
		E11D992A2698D26600C67A98 /* Build configuration list for PBXNativeTarget "MilkyWayTests" */ = {
			isa = XCConfigurationList;
			buildConfigurations = (
				E11D992B2698D26600C67A98 /* Debug */,
				E11D992C2698D26600C67A98 /* Release */,
			);
			defaultConfigurationIsVisible = 0;
			defaultConfigurationName = Release;
		};
/* End XCConfigurationList section */
	};
	rootObject = E11D98F52698D26200C67A98 /* Project object */;
}
